
Microsoft Visual Studio Solution File, Format Version 12.00
# Visual Studio Version 16
VisualStudioVersion = 16.0.31613.86
MinimumVisualStudioVersion = 10.0.40219.1
Project("{8BC9CEB8-8B4A-11D0-8D11-00A0C91BC942}") = "Cat's Adventure", "Cat's Adventure\Cat's Adventure.vcxproj", "{BB6DA5DF-F902-4114-99EC-27543DE68CEE}"
EndProject
Global
	GlobalSection(SolutionConfigurationPlatforms) = preSolution
		Debug|x64 = Debug|x64
		Debug|x86 = Debug|x86
		Release|x64 = Release|x64
		Release|x86 = Release|x86
	EndGlobalSection
	GlobalSection(ProjectConfigurationPlatforms) = postSolution
		{BB6DA5DF-F902-4114-99EC-27543DE68CEE}.Debug|x64.ActiveCfg = Debug|x64
		{BB6DA5DF-F902-4114-99EC-27543DE68CEE}.Debug|x64.Build.0 = Debug|x64
		{BB6DA5DF-F902-4114-99EC-27543DE68CEE}.Debug|x86.ActiveCfg = Debug|x64
		{BB6DA5DF-F902-4114-99EC-27543DE68CEE}.Debug|x86.Build.0 = Debug|x64
		{BB6DA5DF-F902-4114-99EC-27543DE68CEE}.Release|x64.ActiveCfg = Release|x64
		{BB6DA5DF-F902-4114-99EC-27543DE68CEE}.Release|x64.Build.0 = Release|x64
		{BB6DA5DF-F902-4114-99EC-27543DE68CEE}.Release|x86.ActiveCfg = Release|Win32
		{BB6DA5DF-F902-4114-99EC-27543DE68CEE}.Release|x86.Build.0 = Release|Win32
	EndGlobalSection
	GlobalSection(SolutionProperties) = preSolution
		HideSolutionNode = FALSE
	EndGlobalSection
	GlobalSection(ExtensibilityGlobals) = postSolution
		SolutionGuid = {91180B22-1F8B-4133-89DC-D3CABF6697A9}
	EndGlobalSection
EndGlobal
